PODS:
  - NDLog (0.0.4)
  - NDUtils (0.0.3.1):
    - NDLog (~> 0.0.4)

DEPENDENCIES:
  - NDLog (from `../NDLog`)
  - NDUtils (from `../NDUtils`)

EXTERNAL SOURCES:
  NDLog:
    :path: "../NDLog"
  NDUtils:
    :path: "../NDUtils"

SPEC CHECKSUMS:
  NDLog: f84c4c42520a954db34fa487d88a9bcc2ee0100b
  NDUtils: a25a330591731735874dab6df4bf13e14c9677eb

PODFILE CHECKSUM: 2f0571b00b0448d4fdab5909d8935d208d7888bf

COCOAPODS: 1.9.1
