// !$*UTF8*$!
{
	archiveVersion = 1;
	classes = {
	};
	objectVersion = 51;
	objects = {

/* Begin PBXBuildFile section */
		01E884F24EF9EF997EF4E0F7 /* Pods_Samples_SamplesTests.framework in Frameworks */ = {isa = PBXBuildFile; fileRef = 9F233254714A5F1ED6A10CB2 /* Pods_Samples_SamplesTests.framework */; };
		9AFC19EC594AE0BBC981C412 /* Pods_Samples.framework in Frameworks */ = {isa = PBXBuildFile; fileRef = FCB1A8A34A059EFC119DF380 /* Pods_Samples.framework */; };
		BA6C7CDE255A66610042426C /* AppDelegate.swift in Sources */ = {isa = PBXBuildFile; fileRef = BA6C7CDD255A66610042426C /* AppDelegate.swift */; };
		BA6C7CE7255A66630042426C /* Assets.xcassets in Resources */ = {isa = PBXBuildFile; fileRef = BA6C7CE6255A66630042426C /* Assets.xcassets */; };
		BA6C7CEA255A66630042426C /* LaunchScreen.storyboard in Resources */ = {isa = PBXBuildFile; fileRef = BA6C7CE8255A66630042426C /* LaunchScreen.storyboard */; };
		BA6C7CF5255A66630042426C /* SamplesTests.swift in Sources */ = {isa = PBXBuildFile; fileRef = BA6C7CF4255A66630042426C /* SamplesTests.swift */; };
		BA6C7D00255A66640042426C /* SamplesUITests.swift in Sources */ = {isa = PBXBuildFile; fileRef = BA6C7CFF255A66640042426C /* SamplesUITests.swift */; };
		BA6C7D39255A672F0042426C /* NDManualObjects_SwiftTests.swift in Sources */ = {isa = PBXBuildFile; fileRef = BA6C7D38255A672F0042426C /* NDManualObjects_SwiftTests.swift */; };
/* End PBXBuildFile section */

/* Begin PBXContainerItemProxy section */
		BA6C7CF1255A66630042426C /* PBXContainerItemProxy */ = {
			isa = PBXContainerItemProxy;
			containerPortal = BA6C7CD2255A66610042426C /* Project object */;
			proxyType = 1;
			remoteGlobalIDString = BA6C7CD9255A66610042426C;
			remoteInfo = Samples;
		};
		BA6C7CFC255A66640042426C /* PBXContainerItemProxy */ = {
			isa = PBXContainerItemProxy;
			containerPortal = BA6C7CD2255A66610042426C /* Project object */;
			proxyType = 1;
			remoteGlobalIDString = BA6C7CD9255A66610042426C;
			remoteInfo = Samples;
		};
/* End PBXContainerItemProxy section */

/* Begin PBXFileReference section */
		2D809DFCF2C3B2108DE98365 /* Pods-Samples-SamplesTests.debug.xcconfig */ = {isa = PBXFileReference; includeInIndex = 1; lastKnownFileType = text.xcconfig; name = "Pods-Samples-SamplesTests.debug.xcconfig"; path = "Target Support Files/Pods-Samples-SamplesTests/Pods-Samples-SamplesTests.debug.xcconfig"; sourceTree = "<group>"; };
		2DB88DA29ACCDC77E6609CA9 /* Pods-Samples-SamplesTests.release.xcconfig */ = {isa = PBXFileReference; includeInIndex = 1; lastKnownFileType = text.xcconfig; name = "Pods-Samples-SamplesTests.release.xcconfig"; path = "Target Support Files/Pods-Samples-SamplesTests/Pods-Samples-SamplesTests.release.xcconfig"; sourceTree = "<group>"; };
		4945ED5F80C4A60C9CEED6C6 /* Pods-Samples.release.xcconfig */ = {isa = PBXFileReference; includeInIndex = 1; lastKnownFileType = text.xcconfig; name = "Pods-Samples.release.xcconfig"; path = "Target Support Files/Pods-Samples/Pods-Samples.release.xcconfig"; sourceTree = "<group>"; };
		9F233254714A5F1ED6A10CB2 /* Pods_Samples_SamplesTests.framework */ = {isa = PBXFileReference; explicitFileType = wrapper.framework; includeInIndex = 0; path = Pods_Samples_SamplesTests.framework; sourceTree = BUILT_PRODUCTS_DIR; };
		B0F151FD88162D225F181182 /* Pods-Samples.debug.xcconfig */ = {isa = PBXFileReference; includeInIndex = 1; lastKnownFileType = text.xcconfig; name = "Pods-Samples.debug.xcconfig"; path = "Target Support Files/Pods-Samples/Pods-Samples.debug.xcconfig"; sourceTree = "<group>"; };
		BA6C7CDA255A66610042426C /* Samples.app */ = {isa = PBXFileReference; explicitFileType = wrapper.application; includeInIndex = 0; path = Samples.app; sourceTree = BUILT_PRODUCTS_DIR; };
		BA6C7CDD255A66610042426C /* AppDelegate.swift */ = {isa = PBXFileReference; lastKnownFileType = sourcecode.swift; path = AppDelegate.swift; sourceTree = "<group>"; };
		BA6C7CE6255A66630042426C /* Assets.xcassets */ = {isa = PBXFileReference; lastKnownFileType = folder.assetcatalog; path = Assets.xcassets; sourceTree = "<group>"; };
		BA6C7CE9255A66630042426C /* Base */ = {isa = PBXFileReference; lastKnownFileType = file.storyboard; name = Base; path = Base.lproj/LaunchScreen.storyboard; sourceTree = "<group>"; };
		BA6C7CEB255A66630042426C /* Info.plist */ = {isa = PBXFileReference; lastKnownFileType = text.plist.xml; path = Info.plist; sourceTree = "<group>"; };
		BA6C7CF0255A66630042426C /* SamplesTests.xctest */ = {isa = PBXFileReference; explicitFileType = wrapper.cfbundle; includeInIndex = 0; path = SamplesTests.xctest; sourceTree = BUILT_PRODUCTS_DIR; };
		BA6C7CF4255A66630042426C /* SamplesTests.swift */ = {isa = PBXFileReference; lastKnownFileType = sourcecode.swift; path = SamplesTests.swift; sourceTree = "<group>"; };
		BA6C7CF6255A66640042426C /* Info.plist */ = {isa = PBXFileReference; lastKnownFileType = text.plist.xml; path = Info.plist; sourceTree = "<group>"; };
		BA6C7CFB255A66640042426C /* SamplesUITests.xctest */ = {isa = PBXFileReference; explicitFileType = wrapper.cfbundle; includeInIndex = 0; path = SamplesUITests.xctest; sourceTree = BUILT_PRODUCTS_DIR; };
		BA6C7CFF255A66640042426C /* SamplesUITests.swift */ = {isa = PBXFileReference; lastKnownFileType = sourcecode.swift; path = SamplesUITests.swift; sourceTree = "<group>"; };
		BA6C7D01255A66640042426C /* Info.plist */ = {isa = PBXFileReference; lastKnownFileType = text.plist.xml; path = Info.plist; sourceTree = "<group>"; };
		BA6C7D33255A66DB0042426C /* clang-format.sh */ = {isa = PBXFileReference; lastKnownFileType = text.script.sh; path = "clang-format.sh"; sourceTree = SOURCE_ROOT; };
		BA6C7D34255A66DB0042426C /* .swiftlint.yml */ = {isa = PBXFileReference; lastKnownFileType = text.yaml; path = .swiftlint.yml; sourceTree = SOURCE_ROOT; };
		BA6C7D35255A66DB0042426C /* swiftlint.sh */ = {isa = PBXFileReference; lastKnownFileType = text.script.sh; path = swiftlint.sh; sourceTree = SOURCE_ROOT; };
		BA6C7D38255A672F0042426C /* NDManualObjects_SwiftTests.swift */ = {isa = PBXFileReference; fileEncoding = 4; lastKnownFileType = sourcecode.swift; path = NDManualObjects_SwiftTests.swift; sourceTree = "<group>"; };
		FCB1A8A34A059EFC119DF380 /* Pods_Samples.framework */ = {isa = PBXFileReference; explicitFileType = wrapper.framework; includeInIndex = 0; path = Pods_Samples.framework; sourceTree = BUILT_PRODUCTS_DIR; };
/* End PBXFileReference section */

/* Begin PBXFrameworksBuildPhase section */
		BA6C7CD7255A66610042426C /* Frameworks */ = {
			isa = PBXFrameworksBuildPhase;
			buildActionMask = 2147483647;
			files = (
				9AFC19EC594AE0BBC981C412 /* Pods_Samples.framework in Frameworks */,
			);
			runOnlyForDeploymentPostprocessing = 0;
		};
		BA6C7CED255A66630042426C /* Frameworks */ = {
			isa = PBXFrameworksBuildPhase;
			buildActionMask = 2147483647;
			files = (
				01E884F24EF9EF997EF4E0F7 /* Pods_Samples_SamplesTests.framework in Frameworks */,
			);
			runOnlyForDeploymentPostprocessing = 0;
		};
		BA6C7CF8255A66640042426C /* Frameworks */ = {
			isa = PBXFrameworksBuildPhase;
			buildActionMask = 2147483647;
			files = (
			);
			runOnlyForDeploymentPostprocessing = 0;
		};
/* End PBXFrameworksBuildPhase section */

/* Begin PBXGroup section */
		821CC22ECF92AF8B111ADBA8 /* Pods */ = {
			isa = PBXGroup;
			children = (
				B0F151FD88162D225F181182 /* Pods-Samples.debug.xcconfig */,
				4945ED5F80C4A60C9CEED6C6 /* Pods-Samples.release.xcconfig */,
				2D809DFCF2C3B2108DE98365 /* Pods-Samples-SamplesTests.debug.xcconfig */,
				2DB88DA29ACCDC77E6609CA9 /* Pods-Samples-SamplesTests.release.xcconfig */,
			);
			path = Pods;
			sourceTree = "<group>";
		};
		9B535F156093A3312E402DB4 /* Frameworks */ = {
			isa = PBXGroup;
			children = (
				FCB1A8A34A059EFC119DF380 /* Pods_Samples.framework */,
				9F233254714A5F1ED6A10CB2 /* Pods_Samples_SamplesTests.framework */,
			);
			name = Frameworks;
			sourceTree = "<group>";
		};
		BA6C7CD1255A66610042426C = {
			isa = PBXGroup;
			children = (
				BA6C7CDC255A66610042426C /* Samples */,
				BA6C7CF3255A66630042426C /* SamplesTests */,
				BA6C7CFE255A66640042426C /* SamplesUITests */,
				BA6C7CDB255A66610042426C /* Products */,
				821CC22ECF92AF8B111ADBA8 /* Pods */,
				9B535F156093A3312E402DB4 /* Frameworks */,
			);
			sourceTree = "<group>";
		};
		BA6C7CDB255A66610042426C /* Products */ = {
			isa = PBXGroup;
			children = (
				BA6C7CDA255A66610042426C /* Samples.app */,
				BA6C7CF0255A66630042426C /* SamplesTests.xctest */,
				BA6C7CFB255A66640042426C /* SamplesUITests.xctest */,
			);
			name = Products;
			sourceTree = "<group>";
		};
		BA6C7CDC255A66610042426C /* Samples */ = {
			isa = PBXGroup;
			children = (
				BA6C7D32255A66CB0042426C /* Configs */,
				BA6C7CDD255A66610042426C /* AppDelegate.swift */,
				BA6C7CE6255A66630042426C /* Assets.xcassets */,
				BA6C7CE8255A66630042426C /* LaunchScreen.storyboard */,
				BA6C7CEB255A66630042426C /* Info.plist */,
			);
			path = Samples;
			sourceTree = "<group>";
		};
		BA6C7CF3255A66630042426C /* SamplesTests */ = {
			isa = PBXGroup;
			children = (
				BA6C7CF4255A66630042426C /* SamplesTests.swift */,
				BA6C7D38255A672F0042426C /* NDManualObjects_SwiftTests.swift */,
				BA6C7CF6255A66640042426C /* Info.plist */,
			);
			path = SamplesTests;
			sourceTree = "<group>";
		};
		BA6C7CFE255A66640042426C /* SamplesUITests */ = {
			isa = PBXGroup;
			children = (
				BA6C7CFF255A66640042426C /* SamplesUITests.swift */,
				BA6C7D01255A66640042426C /* Info.plist */,
			);
			path = SamplesUITests;
			sourceTree = "<group>";
		};
		BA6C7D32255A66CB0042426C /* Configs */ = {
			isa = PBXGroup;
			children = (
				BA6C7D34255A66DB0042426C /* .swiftlint.yml */,
				BA6C7D33255A66DB0042426C /* clang-format.sh */,
				BA6C7D35255A66DB0042426C /* swiftlint.sh */,
			);
			name = Configs;
			sourceTree = "<group>";
		};
/* End PBXGroup section */

/* Begin PBXNativeTarget section */
		BA6C7CD9255A66610042426C /* Samples */ = {
			isa = PBXNativeTarget;
			buildConfigurationList = BA6C7D04255A66640042426C /* Build configuration list for PBXNativeTarget "Samples" */;
			buildPhases = (
				2DC6A519478637E2178DF5C0 /* [CP] Check Pods Manifest.lock */,
				BA6C7D36255A66F00042426C /* ClangFormat */,
				BA6C7D37255A66FA0042426C /* SwiftLint */,
				BA6C7CD6255A66610042426C /* Sources */,
				BA6C7CD7255A66610042426C /* Frameworks */,
				BA6C7CD8255A66610042426C /* Resources */,
				1922BB0F01BF84FEF3E2D80C /* [CP] Embed Pods Frameworks */,
			);
			buildRules = (
			);
			dependencies = (
			);
			name = Samples;
			productName = Samples;
			productReference = BA6C7CDA255A66610042426C /* Samples.app */;
			productType = "com.apple.product-type.application";
		};
		BA6C7CEF255A66630042426C /* SamplesTests */ = {
			isa = PBXNativeTarget;
			buildConfigurationList = BA6C7D07255A66640042426C /* Build configuration list for PBXNativeTarget "SamplesTests" */;
			buildPhases = (
				195DED2D6A775494DFC98109 /* [CP] Check Pods Manifest.lock */,
				BA6C7CEC255A66630042426C /* Sources */,
				BA6C7CED255A66630042426C /* Frameworks */,
				BA6C7CEE255A66630042426C /* Resources */,
				6001A439D43095310F93885E /* [CP] Embed Pods Frameworks */,
			);
			buildRules = (
			);
			dependencies = (
				BA6C7CF2255A66630042426C /* PBXTargetDependency */,
			);
			name = SamplesTests;
			productName = SamplesTests;
			productReference = BA6C7CF0255A66630042426C /* SamplesTests.xctest */;
			productType = "com.apple.product-type.bundle.unit-test";
		};
		BA6C7CFA255A66640042426C /* SamplesUITests */ = {
			isa = PBXNativeTarget;
			buildConfigurationList = BA6C7D0A255A66640042426C /* Build configuration list for PBXNativeTarget "SamplesUITests" */;
			buildPhases = (
				BA6C7CF7255A66640042426C /* Sources */,
				BA6C7CF8255A66640042426C /* Frameworks */,
				BA6C7CF9255A66640042426C /* Resources */,
			);
			buildRules = (
			);
			dependencies = (
				BA6C7CFD255A66640042426C /* PBXTargetDependency */,
			);
			name = SamplesUITests;
			productName = SamplesUITests;
			productReference = BA6C7CFB255A66640042426C /* SamplesUITests.xctest */;
			productType = "com.apple.product-type.bundle.ui-testing";
		};
/* End PBXNativeTarget section */

/* Begin PBXProject section */
		BA6C7CD2255A66610042426C /* Project object */ = {
			isa = PBXProject;
			attributes = {
				LastSwiftUpdateCheck = 1210;
				LastUpgradeCheck = 1210;
				TargetAttributes = {
					BA6C7CD9255A66610042426C = {
						CreatedOnToolsVersion = 12.1;
					};
					BA6C7CEF255A66630042426C = {
						CreatedOnToolsVersion = 12.1;
						TestTargetID = BA6C7CD9255A66610042426C;
					};
					BA6C7CFA255A66640042426C = {
						CreatedOnToolsVersion = 12.1;
						TestTargetID = BA6C7CD9255A66610042426C;
					};
				};
			};
			buildConfigurationList = BA6C7CD5255A66610042426C /* Build configuration list for PBXProject "Samples" */;
			compatibilityVersion = "Xcode 9.3";
			developmentRegion = en;
			hasScannedForEncodings = 0;
			knownRegions = (
				en,
				Base,
			);
			mainGroup = BA6C7CD1255A66610042426C;
			productRefGroup = BA6C7CDB255A66610042426C /* Products */;
			projectDirPath = "";
			projectRoot = "";
			targets = (
				BA6C7CD9255A66610042426C /* Samples */,
				BA6C7CEF255A66630042426C /* SamplesTests */,
				BA6C7CFA255A66640042426C /* SamplesUITests */,
			);
		};
/* End PBXProject section */

/* Begin PBXResourcesBuildPhase section */
		BA6C7CD8255A66610042426C /* Resources */ = {
			isa = PBXResourcesBuildPhase;
			buildActionMask = 2147483647;
			files = (
				BA6C7CEA255A66630042426C /* LaunchScreen.storyboard in Resources */,
				BA6C7CE7255A66630042426C /* Assets.xcassets in Resources */,
			);
			runOnlyForDeploymentPostprocessing = 0;
		};
		BA6C7CEE255A66630042426C /* Resources */ = {
			isa = PBXResourcesBuildPhase;
			buildActionMask = 2147483647;
			files = (
			);
			runOnlyForDeploymentPostprocessing = 0;
		};
		BA6C7CF9255A66640042426C /* Resources */ = {
			isa = PBXResourcesBuildPhase;
			buildActionMask = 2147483647;
			files = (
			);
			runOnlyForDeploymentPostprocessing = 0;
		};
/* End PBXResourcesBuildPhase section */

/* Begin PBXShellScriptBuildPhase section */
		1922BB0F01BF84FEF3E2D80C /* [CP] Embed Pods Frameworks */ = {
			isa = PBXShellScriptBuildPhase;
			buildActionMask = 2147483647;
			files = (
			);
			inputFileListPaths = (
				"${PODS_ROOT}/Target Support Files/Pods-Samples/Pods-Samples-frameworks-${CONFIGURATION}-input-files.xcfilelist",
			);
			name = "[CP] Embed Pods Frameworks";
			outputFileListPaths = (
				"${PODS_ROOT}/Target Support Files/Pods-Samples/Pods-Samples-frameworks-${CONFIGURATION}-output-files.xcfilelist",
			);
			runOnlyForDeploymentPostprocessing = 0;
			shellPath = /bin/sh;
			shellScript = "\"${PODS_ROOT}/Target Support Files/Pods-Samples/Pods-Samples-frameworks.sh\"\n";
			showEnvVarsInLog = 0;
		};
		195DED2D6A775494DFC98109 /* [CP] Check Pods Manifest.lock */ = {
			isa = PBXShellScriptBuildPhase;
			buildActionMask = 2147483647;
			files = (
			);
			inputFileListPaths = (
			);
			inputPaths = (
				"${PODS_PODFILE_DIR_PATH}/Podfile.lock",
				"${PODS_ROOT}/Manifest.lock",
			);
			name = "[CP] Check Pods Manifest.lock";
			outputFileListPaths = (
			);
			outputPaths = (
				"$(DERIVED_FILE_DIR)/Pods-Samples-SamplesTests-checkManifestLockResult.txt",
			);
			runOnlyForDeploymentPostprocessing = 0;
			shellPath = /bin/sh;
			shellScript = "diff \"${PODS_PODFILE_DIR_PATH}/Podfile.lock\" \"${PODS_ROOT}/Manifest.lock\" > /dev/null\nif [ $? != 0 ] ; then\n    # print error to STDERR\n    echo \"error: The sandbox is not in sync with the Podfile.lock. Run 'pod install' or update your CocoaPods installation.\" >&2\n    exit 1\nfi\n# This output is used by Xcode 'outputs' to avoid re-running this script phase.\necho \"SUCCESS\" > \"${SCRIPT_OUTPUT_FILE_0}\"\n";
			showEnvVarsInLog = 0;
		};
		2DC6A519478637E2178DF5C0 /* [CP] Check Pods Manifest.lock */ = {
			isa = PBXShellScriptBuildPhase;
			buildActionMask = 2147483647;
			files = (
			);
			inputFileListPaths = (
			);
			inputPaths = (
				"${PODS_PODFILE_DIR_PATH}/Podfile.lock",
				"${PODS_ROOT}/Manifest.lock",
			);
			name = "[CP] Check Pods Manifest.lock";
			outputFileListPaths = (
			);
			outputPaths = (
				"$(DERIVED_FILE_DIR)/Pods-Samples-checkManifestLockResult.txt",
			);
			runOnlyForDeploymentPostprocessing = 0;
			shellPath = /bin/sh;
			shellScript = "diff \"${PODS_PODFILE_DIR_PATH}/Podfile.lock\" \"${PODS_ROOT}/Manifest.lock\" > /dev/null\nif [ $? != 0 ] ; then\n    # print error to STDERR\n    echo \"error: The sandbox is not in sync with the Podfile.lock. Run 'pod install' or update your CocoaPods installation.\" >&2\n    exit 1\nfi\n# This output is used by Xcode 'outputs' to avoid re-running this script phase.\necho \"SUCCESS\" > \"${SCRIPT_OUTPUT_FILE_0}\"\n";
			showEnvVarsInLog = 0;
		};
		6001A439D43095310F93885E /* [CP] Embed Pods Frameworks */ = {
			isa = PBXShellScriptBuildPhase;
			buildActionMask = 2147483647;
			files = (
			);
			inputFileListPaths = (
				"${PODS_ROOT}/Target Support Files/Pods-Samples-SamplesTests/Pods-Samples-SamplesTests-frameworks-${CONFIGURATION}-input-files.xcfilelist",
			);
			name = "[CP] Embed Pods Frameworks";
			outputFileListPaths = (
				"${PODS_ROOT}/Target Support Files/Pods-Samples-SamplesTests/Pods-Samples-SamplesTests-frameworks-${CONFIGURATION}-output-files.xcfilelist",
			);
			runOnlyForDeploymentPostprocessing = 0;
			shellPath = /bin/sh;
			shellScript = "\"${PODS_ROOT}/Target Support Files/Pods-Samples-SamplesTests/Pods-Samples-SamplesTests-frameworks.sh\"\n";
			showEnvVarsInLog = 0;
		};
		BA6C7D36255A66F00042426C /* ClangFormat */ = {
			isa = PBXShellScriptBuildPhase;
			buildActionMask = 2147483647;
			files = (
			);
			inputFileListPaths = (
			);
			inputPaths = (
			);
			name = ClangFormat;
			outputFileListPaths = (
			);
			outputPaths = (
			);
			runOnlyForDeploymentPostprocessing = 0;
			shellPath = /bin/sh;
			shellScript = "./clang-format.sh\n";
		};
		BA6C7D37255A66FA0042426C /* SwiftLint */ = {
			isa = PBXShellScriptBuildPhase;
			buildActionMask = 2147483647;
			files = (
			);
			inputFileListPaths = (
			);
			inputPaths = (
			);
			name = SwiftLint;
			outputFileListPaths = (
			);
			outputPaths = (
			);
			runOnlyForDeploymentPostprocessing = 0;
			shellPath = /bin/sh;
			shellScript = "./swiftlint.sh\n";
		};
/* End PBXShellScriptBuildPhase section */

/* Begin PBXSourcesBuildPhase section */
		BA6C7CD6255A66610042426C /* Sources */ = {
			isa = PBXSourcesBuildPhase;
			buildActionMask = 2147483647;
			files = (
				BA6C7CDE255A66610042426C /* AppDelegate.swift in Sources */,
			);
			runOnlyForDeploymentPostprocessing = 0;
		};
		BA6C7CEC255A66630042426C /* Sources */ = {
			isa = PBXSourcesBuildPhase;
			buildActionMask = 2147483647;
			files = (
				BA6C7D39255A672F0042426C /* NDManualObjects_SwiftTests.swift in Sources */,
				BA6C7CF5255A66630042426C /* SamplesTests.swift in Sources */,
			);
			runOnlyForDeploymentPostprocessing = 0;
		};
		BA6C7CF7255A66640042426C /* Sources */ = {
			isa = PBXSourcesBuildPhase;
			buildActionMask = 2147483647;
			files = (
				BA6C7D00255A66640042426C /* SamplesUITests.swift in Sources */,
			);
			runOnlyForDeploymentPostprocessing = 0;
		};
/* End PBXSourcesBuildPhase section */

/* Begin PBXTargetDependency section */
		BA6C7CF2255A66630042426C /* PBXTargetDependency */ = {
			isa = PBXTargetDependency;
			target = BA6C7CD9255A66610042426C /* Samples */;
			targetProxy = BA6C7CF1255A66630042426C /* PBXContainerItemProxy */;
		};
		BA6C7CFD255A66640042426C /* PBXTargetDependency */ = {
			isa = PBXTargetDependency;
			target = BA6C7CD9255A66610042426C /* Samples */;
			targetProxy = BA6C7CFC255A66640042426C /* PBXContainerItemProxy */;
		};
/* End PBXTargetDependency section */

/* Begin PBXVariantGroup section */
		BA6C7CE8255A66630042426C /* LaunchScreen.storyboard */ = {
			isa = PBXVariantGroup;
			children = (
				BA6C7CE9255A66630042426C /* Base */,
			);
			name = LaunchScreen.storyboard;
			sourceTree = "<group>";
		};
/* End PBXVariantGroup section */

/* Begin XCBuildConfiguration section */
		BA6C7D02255A66640042426C /* Debug */ = {
			isa = XCBuildConfiguration;
			buildSettings = {
				ALWAYS_SEARCH_USER_PATHS = NO;
				CLANG_ANALYZER_NONNULL = YES;
				CLANG_ANALYZER_NUMBER_OBJECT_CONVERSION = YES_AGGRESSIVE;
				CLANG_CXX_LANGUAGE_STANDARD = "gnu++14";
				CLANG_CXX_LIBRARY = "libc++";
				CLANG_ENABLE_MODULES = YES;
				CLANG_ENABLE_OBJC_ARC = YES;
				CLANG_ENABLE_OBJC_WEAK = YES;
				CLANG_WARN_BLOCK_CAPTURE_AUTORELEASING = YES;
				CLANG_WARN_BOOL_CONVERSION = YES;
				CLANG_WARN_COMMA = YES;
				CLANG_WARN_CONSTANT_CONVERSION = YES;
				CLANG_WARN_DEPRECATED_OBJC_IMPLEMENTATIONS = YES;
				CLANG_WARN_DIRECT_OBJC_ISA_USAGE = YES_ERROR;
				CLANG_WARN_DOCUMENTATION_COMMENTS = YES;
				CLANG_WARN_EMPTY_BODY = YES;
				CLANG_WARN_ENUM_CONVERSION = YES;
				CLANG_WARN_INFINITE_RECURSION = YES;
				CLANG_WARN_INT_CONVERSION = YES;
				CLANG_WARN_NON_LITERAL_NULL_CONVERSION = YES;
				CLANG_WARN_OBJC_IMPLICIT_RETAIN_SELF = YES;
				CLANG_WARN_OBJC_LITERAL_CONVERSION = YES;
				CLANG_WARN_OBJC_ROOT_CLASS = YES_ERROR;
				CLANG_WARN_QUOTED_INCLUDE_IN_FRAMEWORK_HEADER = YES;
				CLANG_WARN_RANGE_LOOP_ANALYSIS = YES;
				CLANG_WARN_STRICT_PROTOTYPES = YES;
				CLANG_WARN_SUSPICIOUS_MOVE = YES;
				CLANG_WARN_UNGUARDED_AVAILABILITY = YES_AGGRESSIVE;
				CLANG_WARN_UNREACHABLE_CODE = YES;
				CLANG_WARN__DUPLICATE_METHOD_MATCH = YES;
				COPY_PHASE_STRIP = NO;
				DEBUG_INFORMATION_FORMAT = dwarf;
				ENABLE_STRICT_OBJC_MSGSEND = YES;
				ENABLE_TESTABILITY = YES;
				GCC_C_LANGUAGE_STANDARD = gnu11;
				GCC_DYNAMIC_NO_PIC = NO;
				GCC_NO_COMMON_BLOCKS = YES;
				GCC_OPTIMIZATION_LEVEL = 0;
				GCC_PREPROCESSOR_DEFINITIONS = (
					"DEBUG=1",
					"$(inherited)",
				);
				GCC_WARN_64_TO_32_BIT_CONVERSION = YES;
				GCC_WARN_ABOUT_RETURN_TYPE = YES_ERROR;
				GCC_WARN_UNDECLARED_SELECTOR = YES;
				GCC_WARN_UNINITIALIZED_AUTOS = YES_AGGRESSIVE;
				GCC_WARN_UNUSED_FUNCTION = YES;
				GCC_WARN_UNUSED_VARIABLE = YES;
				IPHONEOS_DEPLOYMENT_TARGET = 9.0;
				MTL_ENABLE_DEBUG_INFO = INCLUDE_SOURCE;
				MTL_FAST_MATH = YES;
				ONLY_ACTIVE_ARCH = YES;
				SDKROOT = iphoneos;
				SWIFT_ACTIVE_COMPILATION_CONDITIONS = DEBUG;
				SWIFT_OPTIMIZATION_LEVEL = "-Onone";
			};
			name = Debug;
		};
		BA6C7D03255A66640042426C /* Release */ = {
			isa = XCBuildConfiguration;
			buildSettings = {
				ALWAYS_SEARCH_USER_PATHS = NO;
				CLANG_ANALYZER_NONNULL = YES;
				CLANG_ANALYZER_NUMBER_OBJECT_CONVERSION = YES_AGGRESSIVE;
				CLANG_CXX_LANGUAGE_STANDARD = "gnu++14";
				CLANG_CXX_LIBRARY = "libc++";
				CLANG_ENABLE_MODULES = YES;
				CLANG_ENABLE_OBJC_ARC = YES;
				CLANG_ENABLE_OBJC_WEAK = YES;
				CLANG_WARN_BLOCK_CAPTURE_AUTORELEASING = YES;
				CLANG_WARN_BOOL_CONVERSION = YES;
				CLANG_WARN_COMMA = YES;
				CLANG_WARN_CONSTANT_CONVERSION = YES;
				CLANG_WARN_DEPRECATED_OBJC_IMPLEMENTATIONS = YES;
				CLANG_WARN_DIRECT_OBJC_ISA_USAGE = YES_ERROR;
				CLANG_WARN_DOCUMENTATION_COMMENTS = YES;
				CLANG_WARN_EMPTY_BODY = YES;
				CLANG_WARN_ENUM_CONVERSION = YES;
				CLANG_WARN_INFINITE_RECURSION = YES;
				CLANG_WARN_INT_CONVERSION = YES;
				CLANG_WARN_NON_LITERAL_NULL_CONVERSION = YES;
				CLANG_WARN_OBJC_IMPLICIT_RETAIN_SELF = YES;
				CLANG_WARN_OBJC_LITERAL_CONVERSION = YES;
				CLANG_WARN_OBJC_ROOT_CLASS = YES_ERROR;
				CLANG_WARN_QUOTED_INCLUDE_IN_FRAMEWORK_HEADER = YES;
				CLANG_WARN_RANGE_LOOP_ANALYSIS = YES;
				CLANG_WARN_STRICT_PROTOTYPES = YES;
				CLANG_WARN_SUSPICIOUS_MOVE = YES;
				CLANG_WARN_UNGUARDED_AVAILABILITY = YES_AGGRESSIVE;
				CLANG_WARN_UNREACHABLE_CODE = YES;
				CLANG_WARN__DUPLICATE_METHOD_MATCH = YES;
				COPY_PHASE_STRIP = NO;
				DEBUG_INFORMATION_FORMAT = "dwarf-with-dsym";
				ENABLE_NS_ASSERTIONS = NO;
				ENABLE_STRICT_OBJC_MSGSEND = YES;
				GCC_C_LANGUAGE_STANDARD = gnu11;
				GCC_NO_COMMON_BLOCKS = YES;
				GCC_WARN_64_TO_32_BIT_CONVERSION = YES;
				GCC_WARN_ABOUT_RETURN_TYPE = YES_ERROR;
				GCC_WARN_UNDECLARED_SELECTOR = YES;
				GCC_WARN_UNINITIALIZED_AUTOS = YES_AGGRESSIVE;
				GCC_WARN_UNUSED_FUNCTION = YES;
				GCC_WARN_UNUSED_VARIABLE = YES;
				IPHONEOS_DEPLOYMENT_TARGET = 9.0;
				MTL_ENABLE_DEBUG_INFO = NO;
				MTL_FAST_MATH = YES;
				SDKROOT = iphoneos;
				SWIFT_COMPILATION_MODE = wholemodule;
				SWIFT_OPTIMIZATION_LEVEL = "-O";
				VALIDATE_PRODUCT = YES;
			};
			name = Release;
		};
		BA6C7D05255A66640042426C /* Debug */ = {
			isa = XCBuildConfiguration;
			baseConfigurationReference = B0F151FD88162D225F181182 /* Pods-Samples.debug.xcconfig */;
			buildSettings = {
				ASSETCATALOG_COMPILER_APPICON_NAME = AppIcon;
				ASSETCATALOG_COMPILER_GLOBAL_ACCENT_COLOR_NAME = AccentColor;
				CODE_SIGN_STYLE = Automatic;
				DEVELOPMENT_TEAM = 6UKD7V9S9N;
				INFOPLIST_FILE = Samples/Info.plist;
				LD_RUNPATH_SEARCH_PATHS = (
					"$(inherited)",
					"@executable_path/Frameworks",
				);
				PRODUCT_BUNDLE_IDENTIFIER = com.neodata.NDManualObjects.Samples;
				PRODUCT_NAME = "$(TARGET_NAME)";
				SWIFT_VERSION = 5.0;
				TARGETED_DEVICE_FAMILY = "1,2";
			};
			name = Debug;
		};
		BA6C7D06255A66640042426C /* Release */ = {
			isa = XCBuildConfiguration;
			baseConfigurationReference = 4945ED5F80C4A60C9CEED6C6 /* Pods-Samples.release.xcconfig */;
			buildSettings = {
				ASSETCATALOG_COMPILER_APPICON_NAME = AppIcon;
				ASSETCATALOG_COMPILER_GLOBAL_ACCENT_COLOR_NAME = AccentColor;
				CODE_SIGN_STYLE = Automatic;
				DEVELOPMENT_TEAM = 6UKD7V9S9N;
				INFOPLIST_FILE = Samples/Info.plist;
				LD_RUNPATH_SEARCH_PATHS = (
					"$(inherited)",
					"@executable_path/Frameworks",
				);
				PRODUCT_BUNDLE_IDENTIFIER = com.neodata.NDManualObjects.Samples;
				PRODUCT_NAME = "$(TARGET_NAME)";
				SWIFT_VERSION = 5.0;
				TARGETED_DEVICE_FAMILY = "1,2";
			};
			name = Release;
		};
		BA6C7D08255A66640042426C /* Debug */ = {
			isa = XCBuildConfiguration;
			baseConfigurationReference = 2D809DFCF2C3B2108DE98365 /* Pods-Samples-SamplesTests.debug.xcconfig */;
			buildSettings = {
				ALWAYS_EMBED_SWIFT_STANDARD_LIBRARIES = YES;
				BUNDLE_LOADER = "$(TEST_HOST)";
				CODE_SIGN_STYLE = Automatic;
				DEVELOPMENT_TEAM = 6UKD7V9S9N;
				INFOPLIST_FILE = SamplesTests/Info.plist;
				LD_RUNPATH_SEARCH_PATHS = (
					"$(inherited)",
					"@executable_path/Frameworks",
					"@loader_path/Frameworks",
				);
				PRODUCT_BUNDLE_IDENTIFIER = com.neodata.NDManualObjects.SamplesTests;
				PRODUCT_NAME = "$(TARGET_NAME)";
				SWIFT_VERSION = 5.0;
				TARGETED_DEVICE_FAMILY = "1,2";
				TEST_HOST = "$(BUILT_PRODUCTS_DIR)/Samples.app/Samples";
			};
			name = Debug;
		};
		BA6C7D09255A66640042426C /* Release */ = {
			isa = XCBuildConfiguration;
			baseConfigurationReference = 2DB88DA29ACCDC77E6609CA9 /* Pods-Samples-SamplesTests.release.xcconfig */;
			buildSettings = {
				ALWAYS_EMBED_SWIFT_STANDARD_LIBRARIES = YES;
				BUNDLE_LOADER = "$(TEST_HOST)";
				CODE_SIGN_STYLE = Automatic;
				DEVELOPMENT_TEAM = 6UKD7V9S9N;
				INFOPLIST_FILE = SamplesTests/Info.plist;
				LD_RUNPATH_SEARCH_PATHS = (
					"$(inherited)",
					"@executable_path/Frameworks",
					"@loader_path/Frameworks",
				);
				PRODUCT_BUNDLE_IDENTIFIER = com.neodata.NDManualObjects.SamplesTests;
				PRODUCT_NAME = "$(TARGET_NAME)";
				SWIFT_VERSION = 5.0;
				TARGETED_DEVICE_FAMILY = "1,2";
				TEST_HOST = "$(BUILT_PRODUCTS_DIR)/Samples.app/Samples";
			};
			name = Release;
		};
		BA6C7D0B255A66640042426C /* Debug */ = {
			isa = XCBuildConfiguration;
			buildSettings = {
				ALWAYS_EMBED_SWIFT_STANDARD_LIBRARIES = YES;
				CODE_SIGN_STYLE = Automatic;
				DEVELOPMENT_TEAM = 6UKD7V9S9N;
				INFOPLIST_FILE = SamplesUITests/Info.plist;
				LD_RUNPATH_SEARCH_PATHS = (
					"$(inherited)",
					"@executable_path/Frameworks",
					"@loader_path/Frameworks",
				);
				PRODUCT_BUNDLE_IDENTIFIER = com.neodata.NDManualObjects.SamplesUITests;
				PRODUCT_NAME = "$(TARGET_NAME)";
				SWIFT_VERSION = 5.0;
				TARGETED_DEVICE_FAMILY = "1,2";
				TEST_TARGET_NAME = Samples;
			};
			name = Debug;
		};
		BA6C7D0C255A66640042426C /* Release */ = {
			isa = XCBuildConfiguration;
			buildSettings = {
				ALWAYS_EMBED_SWIFT_STANDARD_LIBRARIES = YES;
				CODE_SIGN_STYLE = Automatic;
				DEVELOPMENT_TEAM = 6UKD7V9S9N;
				INFOPLIST_FILE = SamplesUITests/Info.plist;
				LD_RUNPATH_SEARCH_PATHS = (
					"$(inherited)",
					"@executable_path/Frameworks",
					"@loader_path/Frameworks",
				);
				PRODUCT_BUNDLE_IDENTIFIER = com.neodata.NDManualObjects.SamplesUITests;
				PRODUCT_NAME = "$(TARGET_NAME)";
				SWIFT_VERSION = 5.0;
				TARGETED_DEVICE_FAMILY = "1,2";
				TEST_TARGET_NAME = Samples;
			};
			name = Release;
		};
/* End XCBuildConfiguration section */

/* Begin XCConfigurationList section */
		BA6C7CD5255A66610042426C /* Build configuration list for PBXProject "Samples" */ = {
			isa = XCConfigurationList;
			buildConfigurations = (
				BA6C7D02255A66640042426C /* Debug */,
				BA6C7D03255A66640042426C /* Release */,
			);
			defaultConfigurationIsVisible = 0;
			defaultConfigurationName = Release;
		};
		BA6C7D04255A66640042426C /* Build configuration list for PBXNativeTarget "Samples" */ = {
			isa = XCConfigurationList;
			buildConfigurations = (
				BA6C7D05255A66640042426C /* Debug */,
				BA6C7D06255A66640042426C /* Release */,
			);
			defaultConfigurationIsVisible = 0;
			defaultConfigurationName = Release;
		};
		BA6C7D07255A66640042426C /* Build configuration list for PBXNativeTarget "SamplesTests" */ = {
			isa = XCConfigurationList;
			buildConfigurations = (
				BA6C7D08255A66640042426C /* Debug */,
				BA6C7D09255A66640042426C /* Release */,
			);
			defaultConfigurationIsVisible = 0;
			defaultConfigurationName = Release;
		};
		BA6C7D0A255A66640042426C /* Build configuration list for PBXNativeTarget "SamplesUITests" */ = {
			isa = XCConfigurationList;
			buildConfigurations = (
				BA6C7D0B255A66640042426C /* Debug */,
				BA6C7D0C255A66640042426C /* Release */,
			);
			defaultConfigurationIsVisible = 0;
			defaultConfigurationName = Release;
		};
/* End XCConfigurationList section */
	};
	rootObject = BA6C7CD2255A66610042426C /* Project object */;
}
